Microsoft Visual Studio Solution File, Format Version 12.00
# Visual Studio Version 17
VisualStudioVersion = 17.5.2.0
MinimumVisualStudioVersion = 10.0.40219.1
Project("{FAE04EC0-301F-11D3-BF4B-00C04F79EFBC}") = "NomeNinja", "NomeNinja.csproj", "{EE9B1B47-95A3-7328-D32F-52A7BE15E1CB}"
EndProject
Global
	GlobalSection(SolutionConfigurationPlatforms) = preSolution
		Debug|Any CPU = Debug|Any CPU
		Release|Any CPU = Release|Any CPU
	EndGlobalSection
	GlobalSection(ProjectConfigurationPlatforms) = postSolution
		{EE9B1B47-95A3-7328-D32F-52A7BE15E1CB}.Debug|Any CPU.ActiveCfg = Debug|Any CPU
		{EE9B1B47-95A3-7328-D32F-52A7BE15E1CB}.Debug|Any CPU.Build.0 = Debug|Any CPU
		{EE9B1B47-95A3-7328-D32F-52A7BE15E1CB}.Release|Any CPU.ActiveCfg = Release|Any CPU
		{EE9B1B47-95A3-7328-D32F-52A7BE15E1CB}.Release|Any CPU.Build.0 = Release|Any CPU
	EndGlobalSection
	GlobalSection(SolutionProperties) = preSolution
		HideSolutionNode = FALSE
	EndGlobalSection
	GlobalSection(ExtensibilityGlobals) = postSolution
		SolutionGuid = {5C344E5D-CD0C-4E5B-9799-9985B9CF46A3}
	EndGlobalSection
EndGlobal
